
Microsoft Visual Studio Solution File, Format Version 12.00
# Visual Studio 2013
VisualStudioVersion = 12.0.31101.0
MinimumVisualStudioVersion = 10.0.40219.1
Project("{FAE04EC0-301F-11D3-BF4B-00C04F79EFBC}") = "BitcoinLib", "BitcoinLib\BitcoinLib.csproj", "{EB7C14E3-852F-4E91-902E-5E064B01570A}"
EndProject
Project("{FAE04EC0-301F-11D3-BF4B-00C04F79EFBC}") = "xUnitTest", "xUnitTest\xUnitTest.csproj", "{02D7B4DA-903A-428C-B7B8-DA0E3D50A959}"
EndProject
Project("{FAE04EC0-301F-11D3-BF4B-00C04F79EFBC}") = "Bitcoin_WPF", "Bitcoin_WPF\Bitcoin_WPF.csproj", "{86BD2848-5181-4D71-81C5-57468087A23F}"
EndProject
Global
	GlobalSection(SolutionConfigurationPlatforms) = preSolution
		Debug|Any CPU = Debug|Any CPU
		Release|Any CPU = Release|Any CPU
	EndGlobalSection
	GlobalSection(ProjectConfigurationPlatforms) = postSolution
		{EB7C14E3-852F-4E91-902E-5E064B01570A}.Debug|Any CPU.ActiveCfg = Debug|Any CPU
		{EB7C14E3-852F-4E91-902E-5E064B01570A}.Debug|Any CPU.Build.0 = Debug|Any CPU
		{EB7C14E3-852F-4E91-902E-5E064B01570A}.Release|Any CPU.ActiveCfg = Release|Any CPU
		{EB7C14E3-852F-4E91-902E-5E064B01570A}.Release|Any CPU.Build.0 = Release|Any CPU
		{02D7B4DA-903A-428C-B7B8-DA0E3D50A959}.Debug|Any CPU.ActiveCfg = Debug|Any CPU
		{02D7B4DA-903A-428C-B7B8-DA0E3D50A959}.Debug|Any CPU.Build.0 = Debug|Any CPU
		{02D7B4DA-903A-428C-B7B8-DA0E3D50A959}.Release|Any CPU.ActiveCfg = Release|Any CPU
		{02D7B4DA-903A-428C-B7B8-DA0E3D50A959}.Release|Any CPU.Build.0 = Release|Any CPU
		{86BD2848-5181-4D71-81C5-57468087A23F}.Debug|Any CPU.ActiveCfg = Debug|Any CPU
		{86BD2848-5181-4D71-81C5-57468087A23F}.Debug|Any CPU.Build.0 = Debug|Any CPU
		{86BD2848-5181-4D71-81C5-57468087A23F}.Release|Any CPU.ActiveCfg = Release|Any CPU
		{86BD2848-5181-4D71-81C5-57468087A23F}.Release|Any CPU.Build.0 = Release|Any CPU
	EndGlobalSection
	GlobalSection(SolutionProperties) = preSolution
		HideSolutionNode = FALSE
	EndGlobalSection
EndGlobal
